
Microsoft Visual Studio Solution File, Format Version 12.00
# Visual Studio Version 17
VisualStudioVersion = 17.5.33424.131
MinimumVisualStudioVersion = 10.0.40219.1
Project("{FAE04EC0-301F-11D3-BF4B-00C04F79EFBC}") = "ClimaLog_Visualizer.Android", "ClimaLog_Visualizer\ClimaLog_Visualizer.Android\ClimaLog_Visualizer.Android.csproj", "{D282EFE9-9BD1-4909-839E-582D1F9C164F}"
EndProject
Project("{FAE04EC0-301F-11D3-BF4B-00C04F79EFBC}") = "ClimaLog_Visualizer.iOS", "ClimaLog_Visualizer\ClimaLog_Visualizer.iOS\ClimaLog_Visualizer.iOS.csproj", "{46C66CDD-5F50-432D-8165-882DBBD4D386}"
EndProject
Project("{FAE04EC0-301F-11D3-BF4B-00C04F79EFBC}") = "ClimaLog_Visualizer", "ClimaLog_Visualizer\ClimaLog_Visualizer\ClimaLog_Visualizer.csproj", "{191D2874-A0AB-479B-8F4A-E57F7C727F59}"
EndProject
Global
	GlobalSection(SolutionConfigurationPlatforms) = preSolution
		Debug|Any CPU = Debug|Any CPU
		Debug|iPhone = Debug|iPhone
		Debug|iPhoneSimulator = Debug|iPhoneSimulator
		Release|Any CPU = Release|Any CPU
		Release|iPhone = Release|iPhone
		Release|iPhoneSimulator = Release|iPhoneSimulator
	EndGlobalSection
	GlobalSection(ProjectConfigurationPlatforms) = postSolution
		{D282EFE9-9BD1-4909-839E-582D1F9C164F}.Debug|Any CPU.ActiveCfg = Debug|Any CPU
		{D282EFE9-9BD1-4909-839E-582D1F9C164F}.Debug|Any CPU.Build.0 = Debug|Any CPU
		{D282EFE9-9BD1-4909-839E-582D1F9C164F}.Debug|Any CPU.Deploy.0 = Debug|Any CPU
		{D282EFE9-9BD1-4909-839E-582D1F9C164F}.Debug|iPhone.ActiveCfg = Debug|Any CPU
		{D282EFE9-9BD1-4909-839E-582D1F9C164F}.Debug|iPhone.Build.0 = Debug|Any CPU
		{D282EFE9-9BD1-4909-839E-582D1F9C164F}.Debug|iPhone.Deploy.0 = Debug|Any CPU
		{D282EFE9-9BD1-4909-839E-582D1F9C164F}.Debug|iPhoneSimulator.ActiveCfg = Debug|Any CPU
		{D282EFE9-9BD1-4909-839E-582D1F9C164F}.Debug|iPhoneSimulator.Build.0 = Debug|Any CPU
		{D282EFE9-9BD1-4909-839E-582D1F9C164F}.Debug|iPhoneSimulator.Deploy.0 = Debug|Any CPU
		{D282EFE9-9BD1-4909-839E-582D1F9C164F}.Release|Any CPU.ActiveCfg = Release|Any CPU
		{D282EFE9-9BD1-4909-839E-582D1F9C164F}.Release|Any CPU.Build.0 = Release|Any CPU
		{D282EFE9-9BD1-4909-839E-582D1F9C164F}.Release|Any CPU.Deploy.0 = Release|Any CPU
		{D282EFE9-9BD1-4909-839E-582D1F9C164F}.Release|iPhone.ActiveCfg = Release|Any CPU
		{D282EFE9-9BD1-4909-839E-582D1F9C164F}.Release|iPhone.Build.0 = Release|Any CPU
		{D282EFE9-9BD1-4909-839E-582D1F9C164F}.Release|iPhone.Deploy.0 = Release|Any CPU
		{D282EFE9-9BD1-4909-839E-582D1F9C164F}.Release|iPhoneSimulator.ActiveCfg = Release|Any CPU
		{D282EFE9-9BD1-4909-839E-582D1F9C164F}.Release|iPhoneSimulator.Build.0 = Release|Any CPU
		{D282EFE9-9BD1-4909-839E-582D1F9C164F}.Release|iPhoneSimulator.Deploy.0 = Release|Any CPU
		{46C66CDD-5F50-432D-8165-882DBBD4D386}.Debug|Any CPU.ActiveCfg = Debug|iPhone
		{46C66CDD-5F50-432D-8165-882DBBD4D386}.Debug|Any CPU.Build.0 = Debug|iPhone
		{46C66CDD-5F50-432D-8165-882DBBD4D386}.Debug|Any CPU.Deploy.0 = Debug|iPhone
		{46C66CDD-5F50-432D-8165-882DBBD4D386}.Debug|iPhone.ActiveCfg = Debug|iPhone
		{46C66CDD-5F50-432D-8165-882DBBD4D386}.Debug|iPhone.Build.0 = Debug|iPhone
		{46C66CDD-5F50-432D-8165-882DBBD4D386}.Debug|iPhone.Deploy.0 = Debug|iPhone
		{46C66CDD-5F50-432D-8165-882DBBD4D386}.Debug|iPhoneSimulator.ActiveCfg = Debug|iPhoneSimulator
		{46C66CDD-5F50-432D-8165-882DBBD4D386}.Debug|iPhoneSimulator.Build.0 = Debug|iPhoneSimulator
		{46C66CDD-5F50-432D-8165-882DBBD4D386}.Debug|iPhoneSimulator.Deploy.0 = Debug|iPhoneSimulator
		{46C66CDD-5F50-432D-8165-882DBBD4D386}.Release|Any CPU.ActiveCfg = Release|iPhoneSimulator
		{46C66CDD-5F50-432D-8165-882DBBD4D386}.Release|Any CPU.Build.0 = Release|iPhoneSimulator
		{46C66CDD-5F50-432D-8165-882DBBD4D386}.Release|Any CPU.Deploy.0 = Release|iPhoneSimulator
		{46C66CDD-5F50-432D-8165-882DBBD4D386}.Release|iPhone.ActiveCfg = Release|iPhone
		{46C66CDD-5F50-432D-8165-882DBBD4D386}.Release|iPhone.Build.0 = Release|iPhone
		{46C66CDD-5F50-432D-8165-882DBBD4D386}.Release|iPhone.Deploy.0 = Release|iPhone
		{46C66CDD-5F50-432D-8165-882DBBD4D386}.Release|iPhoneSimulator.ActiveCfg = Release|iPhoneSimulator
		{46C66CDD-5F50-432D-8165-882DBBD4D386}.Release|iPhoneSimulator.Build.0 = Release|iPhoneSimulator
		{46C66CDD-5F50-432D-8165-882DBBD4D386}.Release|iPhoneSimulator.Deploy.0 = Release|iPhoneSimulator
		{191D2874-A0AB-479B-8F4A-E57F7C727F59}.Debug|Any CPU.ActiveCfg = Debug|Any CPU
		{191D2874-A0AB-479B-8F4A-E57F7C727F59}.Debug|Any CPU.Build.0 = Debug|Any CPU
		{191D2874-A0AB-479B-8F4A-E57F7C727F59}.Debug|Any CPU.Deploy.0 = Debug|Any CPU
		{191D2874-A0AB-479B-8F4A-E57F7C727F59}.Debug|iPhone.ActiveCfg = Debug|Any CPU
		{191D2874-A0AB-479B-8F4A-E57F7C727F59}.Debug|iPhone.Build.0 = Debug|Any CPU
		{191D2874-A0AB-479B-8F4A-E57F7C727F59}.Debug|iPhone.Deploy.0 = Debug|Any CPU
		{191D2874-A0AB-479B-8F4A-E57F7C727F59}.Debug|iPhoneSimulator.ActiveCfg = Debug|Any CPU
		{191D2874-A0AB-479B-8F4A-E57F7C727F59}.Debug|iPhoneSimulator.Build.0 = Debug|Any CPU
		{191D2874-A0AB-479B-8F4A-E57F7C727F59}.Debug|iPhoneSimulator.Deploy.0 = Debug|Any CPU
		{191D2874-A0AB-479B-8F4A-E57F7C727F59}.Release|Any CPU.ActiveCfg = Release|Any CPU
		{191D2874-A0AB-479B-8F4A-E57F7C727F59}.Release|Any CPU.Build.0 = Release|Any CPU
		{191D2874-A0AB-479B-8F4A-E57F7C727F59}.Release|Any CPU.Deploy.0 = Release|Any CPU
		{191D2874-A0AB-479B-8F4A-E57F7C727F59}.Release|iPhone.ActiveCfg = Release|Any CPU
		{191D2874-A0AB-479B-8F4A-E57F7C727F59}.Release|iPhone.Build.0 = Release|Any CPU
		{191D2874-A0AB-479B-8F4A-E57F7C727F59}.Release|iPhone.Deploy.0 = Release|Any CPU
		{191D2874-A0AB-479B-8F4A-E57F7C727F59}.Release|iPhoneSimulator.ActiveCfg = Release|Any CPU
		{191D2874-A0AB-479B-8F4A-E57F7C727F59}.Release|iPhoneSimulator.Build.0 = Release|Any CPU
		{191D2874-A0AB-479B-8F4A-E57F7C727F59}.Release|iPhoneSimulator.Deploy.0 = Release|Any CPU
	EndGlobalSection
	GlobalSection(SolutionProperties) = preSolution
		HideSolutionNode = FALSE
	EndGlobalSection
	GlobalSection(ExtensibilityGlobals) = postSolution
		SolutionGuid = {C40FF193-5DB2-44A2-AE02-49A784805387}
	EndGlobalSection
EndGlobal
